lockfileVersion: '6.0'

settings:
  autoInstallPeers: true
  excludeLinksFromLockfile: false

dependencies:
  drizzle-orm:
    specifier: ^0.28.6
    version: 0.28.6

packages:

  /drizzle-orm@0.28.6:
    resolution: {integrity: sha512-yBe+F9htrlYER7uXgDJUQsTHFoIrI5yMm5A0bg0GiZ/kY5jNXTWoEy4KQtg35cE27sw1VbgzoMWHAgCckUUUww==}
    peerDependencies:
      '@aws-sdk/client-rds-data': '>=3'
      '@cloudflare/workers-types': '>=3'
      '@libsql/client': '*'
      '@neondatabase/serverless': '>=0.1'
      '@opentelemetry/api': ^1.4.1
      '@planetscale/database': '>=1'
      '@types/better-sqlite3': '*'
      '@types/pg': '*'
      '@types/sql.js': '*'
      '@vercel/postgres': '*'
      better-sqlite3: '>=7'
      bun-types: '*'
      knex: '*'
      kysely: '*'
      mysql2: '>=2'
      pg: '>=8'
      postgres: '>=3'
      sql.js: '>=1'
      sqlite3: '>=5'
    peerDependenciesMeta:
      '@aws-sdk/client-rds-data':
        optional: true
      '@cloudflare/workers-types':
        optional: true
      '@libsql/client':
        optional: true
      '@neondatabase/serverless':
        optional: true
      '@opentelemetry/api':
        optional: true
      '@planetscale/database':
        optional: true
      '@types/better-sqlite3':
        optional: true
      '@types/pg':
        optional: true
      '@types/sql.js':
        optional: true
      '@vercel/postgres':
        optional: true
      better-sqlite3:
        optional: true
      bun-types:
        optional: true
      knex:
        optional: true
      kysely:
        optional: true
      mysql2:
        optional: true
      pg:
        optional: true
      postgres:
        optional: true
      sql.js:
        optional: true
      sqlite3:
        optional: true
    dev: false
